
Microsoft Visual Studio Solution File, Format Version 12.00
# Visual Studio 15
VisualStudioVersion = 15.0.28010.2003
MinimumVisualStudioVersion = 10.0.40219.1
Project("{E6C563F2-BDC2-4A24-ACBF-01715157DCBB}") = "ASA", "ASA.asaproj", "{C83E937B-56F0-4300-AA46-FFE40F41A8B7}"
EndProject
Global
	GlobalSection(SolutionConfigurationPlatforms) = preSolution
		Debug|Any CPU = Debug|Any CPU
		Release|Any CPU = Release|Any CPU
	EndGlobalSection
	GlobalSection(ProjectConfigurationPlatforms) = postSolution
		{C83E937B-56F0-4300-AA46-FFE40F41A8B7}.Debug|Any CPU.ActiveCfg = Debug|Any CPU
		{C83E937B-56F0-4300-AA46-FFE40F41A8B7}.Debug|Any CPU.Build.0 = Debug|Any CPU
		{C83E937B-56F0-4300-AA46-FFE40F41A8B7}.Release|Any CPU.ActiveCfg = Release|Any CPU
		{C83E937B-56F0-4300-AA46-FFE40F41A8B7}.Release|Any CPU.Build.0 = Release|Any CPU
	EndGlobalSection
	GlobalSection(SolutionProperties) = preSolution
		HideSolutionNode = FALSE
	EndGlobalSection
	GlobalSection(ExtensibilityGlobals) = postSolution
		SolutionGuid = {051406B7-65EC-4C97-94EE-109F8ADE57DF}
	EndGlobalSection
EndGlobal
